# This file is automatically @generated by Cargo.
# It is not intended for manual editing.
version = 3

[[package]]
name = "universalui"
version = "0.1.0"
dependencies = [
 "universalui_core",
]

[[package]]
name = "universalui_core"
version = "0.1.0"

[[package]]
name = "universalui_test"
version = "0.1.0"
dependencies = [
 "universalui",
]
